
Microsoft Visual Studio Solution File, Format Version 12.00
# Visual Studio 2013
VisualStudioVersion = 12.0.31101.0
MinimumVisualStudioVersion = 10.0.40219.1
Project("{FAE04EC0-301F-11D3-BF4B-00C04F79EFBC}") = "MadnGame", "MadnGame\MadnGame.csproj", "{DFFCAE6C-6C64-4CB1-ABE6-C5CB52436A38}"
EndProject
Project("{FAE04EC0-301F-11D3-BF4B-00C04F79EFBC}") = "MadnEngine", "MadnEngine\MadnEngine.csproj", "{B91498F1-56F2-42FC-84E3-1CAF148B611A}"
EndProject
Global
	GlobalSection(SolutionConfigurationPlatforms) = preSolution
		Debug|Any CPU = Debug|Any CPU
		Release|Any CPU = Release|Any CPU
	EndGlobalSection
	GlobalSection(ProjectConfigurationPlatforms) = postSolution
		{DFFCAE6C-6C64-4CB1-ABE6-C5CB52436A38}.Debug|Any CPU.ActiveCfg = Debug|Any CPU
		{DFFCAE6C-6C64-4CB1-ABE6-C5CB52436A38}.Debug|Any CPU.Build.0 = Debug|Any CPU
		{DFFCAE6C-6C64-4CB1-ABE6-C5CB52436A38}.Release|Any CPU.ActiveCfg = Release|Any CPU
		{DFFCAE6C-6C64-4CB1-ABE6-C5CB52436A38}.Release|Any CPU.Build.0 = Release|Any CPU
		{B91498F1-56F2-42FC-84E3-1CAF148B611A}.Debug|Any CPU.ActiveCfg = Debug|Any CPU
		{B91498F1-56F2-42FC-84E3-1CAF148B611A}.Debug|Any CPU.Build.0 = Debug|Any CPU
		{B91498F1-56F2-42FC-84E3-1CAF148B611A}.Release|Any CPU.ActiveCfg = Release|Any CPU
		{B91498F1-56F2-42FC-84E3-1CAF148B611A}.Release|Any CPU.Build.0 = Release|Any CPU
	EndGlobalSection
	GlobalSection(SolutionProperties) = preSolution
		HideSolutionNode = FALSE
	EndGlobalSection
EndGlobal
